
Microsoft Visual Studio Solution File, Format Version 12.00
# Visual Studio Version 17
VisualStudioVersion = 17.9.34616.47
MinimumVisualStudioVersion = 10.0.40219.1
Project("{FAE04EC0-301F-11D3-BF4B-00C04F79EFBC}") = "PastebinCreator", "PastebinCreator.csproj", "{75CDAD9C-DF60-4010-A102-27A7621AEAF1}"
EndProject
Global
	GlobalSection(SolutionConfigurationPlatforms) = preSolution
		Debug|Any CPU = Debug|Any CPU
		Release|Any CPU = Release|Any CPU
	EndGlobalSection
	GlobalSection(ProjectConfigurationPlatforms) = postSolution
		{75CDAD9C-DF60-4010-A102-27A7621AEAF1}.Debug|Any CPU.ActiveCfg = Debug|Any CPU
		{75CDAD9C-DF60-4010-A102-27A7621AEAF1}.Debug|Any CPU.Build.0 = Debug|Any CPU
		{75CDAD9C-DF60-4010-A102-27A7621AEAF1}.Release|Any CPU.ActiveCfg = Release|Any CPU
		{75CDAD9C-DF60-4010-A102-27A7621AEAF1}.Release|Any CPU.Build.0 = Release|Any CPU
	EndGlobalSection
	GlobalSection(SolutionProperties) = preSolution
		HideSolutionNode = FALSE
	EndGlobalSection
	GlobalSection(ExtensibilityGlobals) = postSolution
		SolutionGuid = {3D907661-1756-4CA3-83F9-D1045C837462}
	EndGlobalSection
EndGlobal
